github.com/darkoatanasovski/htmltags v1.0.0 h1:EP3O8c3vcEIotu9Dp6lDq8OWor4rYSf4mc/zORJbT5M=
github.com/darkoatanasovski/htmltags v1.0.0/go.mod h1:FKYjT6COoJLfTjWbOcFW21/GCl8rHvgBQNZS2KpfPMU=
github.com/davecgh/go-spew v1.1.1 h1:vj9j/u1bqnvCEfJOwUhtlOARqs3+rkHYY13jYWTU97c=
github.com/davecgh/go-spew v1.1.1/go.mod h1:J7Y8YcW2NihsgmVo/mv3lAwl/skON4iLHjSsI+c5H38=
github.com/gouniverse/api v1.5.0 h1:3AJecTtHXQ0wToPUlEixUa0waU15/PtUdFMrLB+jveQ=
github.com/gouniverse/api v1.5.0/go.mod h1:u67bggZW1AGuWD268jBRP//POnGDxgyfP8dV8+i5G+c=
github.com/gouniverse/hb v1.71.0 h1:9Hhqt73obX3BT2Zf3QU1ao7jwR0Nm9bBwhOr/alcVa8=
github.com/gouniverse/hb v1.71.0/go.mod h1:oFDsiwpgM7TNBIla8YNbEbMlTYGNGs7wj1kVobb5CRI=
github.com/gouniverse/icons v1.3.0 h1:GzKzjfxDxSdJt7qFv3Qb2vr0O3NgfVBDmH7TJy+X3tk=
github.com/gouniverse/icons v1.3.0/go.mod h1:s/8uu1UY8LL9e8hfJONQBTI0np9zG6FMqq2gbENqoZU=
github.com/gouniverse/uncdn v0.7.4 h1:Po7TpNpK+ZBpo6qTNgopmSvA+zdQB9g+dEIaYKE0n98=
github.com/gouniverse/uncdn v0.7.4/go.mod h1:ipvItAUbddR3KHefw/cwClCT3T4T/c9BPRu45pfIvME=
github.com/gouniverse/utils v1.35.0 h1:I5Tum75nRrqEPNfx+tYZr3n2YXsjykc6viiR//NTDgw=
github.com/gouniverse/utils v1.35.0/go.mod h1:Y+CjmWVlOJEpjCpZxwi/ui6u8rf6bMILbsUDWzz8OgU=
github.com/gouniverse/validator v0.11.0 h1:6Rf5TGr1IiD1s53lm0t+yFYVhx1JC/IjoE48ey1kWS4=
github.com/gouniverse/validator v0.11.0/go.mod h1:AhBH+99FAM+LLvQ0ZlEP4xjyNoAJHZEzH2b/qrFQAOc=
github.com/jcelliott/lumber v0.0.0-20160324203708-dd349441af25 h1:EFT6MH3igZK/dIVqgGbTqWVvkZ7wJ5iGN03SVtvvdd8=
github.com/jcelliott/lumber v0.0.0-20160324203708-dd349441af25/go.mod h1:sWkGw/wsaHtRsT9zGQ/WyJCotGWG/Anow/9hsAcBWRw=
github.com/joho/godotenv v1.5.1 h1:7eLL/+HRGLY0ldzfGMeQkb7vMd0as4CfYvUVzLqw0N0=
github.com/joho/godotenv v1.5.1/go.mod h1:f4LDr5Voq0i2e/R5DDNOoa2zzDfwtkZa6DnEwAbqwq4=
github.com/jordan-wright/email v4.0.1-0.20210109023952-943e75fe5223+incompatible h1:jdpOPRN1zP63Td1hDQbZW73xKmzDvZHzVdNYxhnTMDA=
github.com/jordan-wright/email v4.0.1-0.20210109023952-943e75fe5223+incompatible/go.mod h1:1c7szIrayyPPB/987hsnvNzLushdWf4o/79s3P08L8A=
github.com/pmezard/go-difflib v1.0.0 h1:4DBwDE0NGyQoBHbLQYPwSUPoCMWR5BEzIk/f1lZbAQM=
github.com/pmezard/go-difflib v1.0.0/go.mod h1:iKH77koFhYxTK1pcRnkKkqfTogsbg7gZNVY4sRDYZ/4=
github.com/stretchr/testify v1.8.4 h1:CcVxjf3Q8PM0mHUKJCdn+eZZtm5yQwehR5yeSVQQcUk=
github.com/stretchr/testify v1.8.4/go.mod h1:sz/lmYIOXD/1dqDmKjjqLyZ2RngseejIcXlSw2iwfAo=
github.com/tdewolff/minify/v2 v2.20.10 h1:iz9IkdRqD2pyneib/AvTas23RRG5TnuUFNcNVKmL/jU=
github.com/tdewolff/minify/v2 v2.20.10/go.mod h1:xSJ9fXIfyuEMex88JT4jl8GvXnl/RzWNdqD96AqKlX0=
github.com/tdewolff/parse/v2 v2.7.7 h1:V+50eFDH7Piw4IBwH8D8FtYeYbZp3T4SCtIvmBSIMyc=
github.com/tdewolff/parse/v2 v2.7.7/go.mod h1:3FbJWZp3XT9OWVN3Hmfp0p/a08v4h8J9W1aghka0soA=
github.com/tdewolff/test v1.0.11-0.20231101010635-f1265d231d52 h1:gAQliwn+zJrkjAHVcBEYW/RFvd2St4yYimisvozAYlA=
github.com/tdewolff/test v1.0.11-0.20231101010635-f1265d231d52/go.mod h1:6DAvZliBAAnD7rhVgwaM7DE5/d9NMOAJ09SqYqeK4QE=
golang.org/x/crypto v0.17.0 h1:r8bRNjWL3GshPW3gkd+RpvzWrZAwPS49OmTGZ/uhM4k=
golang.org/x/crypto v0.17.0/go.mod h1:gCAAfMLgwOJRpTjQ2zCCt2OcSfYMTeZVSRtQlPC7Nq4=
golang.org/x/net v0.19.0 h1:zTwKpTd2XuCqf8huc7Fo2iSy+4RHPd10s4KzeTnVr1c=
golang.org/x/net v0.19.0/go.mod h1:CfAk/cbD4CthTvqiEl8NpboMuiuOYsAr/7NOjZJtv1U=
golang.org/x/text v0.14.0 h1:ScX5w1eTa3QqT8oi6+ziP7dTV1S2+ALU0bI+0zXKWiQ=
golang.org/x/text v0.14.0/go.mod h1:18ZOQIKpY8NJVqYksKHtTdi31H5itFRjB5/qKTNYzSU=
gopkg.in/check.v1 v0.0.0-20161208181325-20d25e280405 h1:yhCVgyC4o1eVCa2tZl7eS0r+SDo693bJlVdllGtEeKM=
gopkg.in/check.v1 v0.0.0-20161208181325-20d25e280405/go.mod h1:Co6ibVJAznAaIkqp8huTwlJQCZ016jof/cbN4VW5Yz0=
gopkg.in/yaml.v3 v3.0.1 h1:fxVm/GzAzEWqLHuvctI91KS9hhNmmWOoWu0XTYJS7CA=
gopkg.in/yaml.v3 v3.0.1/go.mod h1:K4uyk7z7BCEPqu6E+C64Yfv1cQ7kz7rIZviUmN+EgEM=
